
Microsoft Visual Studio Solution File, Format Version 12.00
# Visual Studio Version 17
VisualStudioVersion = 17.14.36109.1 d17.14
MinimumVisualStudioVersion = 10.0.40219.1
Project("{FAE04EC0-301F-11D3-BF4B-00C04F79EFBC}") = "GamesStorage", "GamesStorage\GamesStorage.csproj", "{0FA31814-52F7-4781-829A-49CB82ACA105}"
EndProject
Global
	GlobalSection(SolutionConfigurationPlatforms) = preSolution
		Debug|Any CPU = Debug|Any CPU
		Release|Any CPU = Release|Any CPU
	EndGlobalSection
	GlobalSection(ProjectConfigurationPlatforms) = postSolution
		{0FA31814-52F7-4781-829A-49CB82ACA105}.Debug|Any CPU.ActiveCfg = Debug|Any CPU
		{0FA31814-52F7-4781-829A-49CB82ACA105}.Debug|Any CPU.Build.0 = Debug|Any CPU
		{0FA31814-52F7-4781-829A-49CB82ACA105}.Release|Any CPU.ActiveCfg = Release|Any CPU
		{0FA31814-52F7-4781-829A-49CB82ACA105}.Release|Any CPU.Build.0 = Release|Any CPU
	EndGlobalSection
	GlobalSection(SolutionProperties) = preSolution
		HideSolutionNode = FALSE
	EndGlobalSection
	GlobalSection(ExtensibilityGlobals) = postSolution
		SolutionGuid = {90B94D84-FA7D-4C7E-9FAB-5F53ED8C03A4}
	EndGlobalSection
EndGlobal
